Microsoft Visual Studio Solution File, Format Version 12.00
# Visual Studio 14
VisualStudioVersion = 14.0.25420.1
MinimumVisualStudioVersion = 10.0.40219.1
Project("{2150E333-8FDC-42A3-9474-1A3956D46DE8}") = "Serialization", "Serialization", "{2A6488D0-9158-408C-AD16-5346EC6DC89C}"
EndProject
Project("{FAE04EC0-301F-11D3-BF4B-00C04F79EFBC}") = "Foundation.Serialization", "src\Foundation\Serialization\code\Foundation.Serialization.csproj", "{DBF5E150-A440-4D06-A0F8-A1231624F3BD}"
EndProject
Project("{2150E333-8FDC-42A3-9474-1A3956D46DE8}") = "Consent", "Consent", "{467D330B-FAD1-435D-931B-AC851880FBB2}"
EndProject
Project("{FAE04EC0-301F-11D3-BF4B-00C04F79EFBC}") = "Feature.Consent", "src\Feature\Consent\code\Feature.Consent.csproj", "{23988A95-41AF-45CC-89B7-96F2DE358E9F}"
EndProject
Project("{2150E333-8FDC-42A3-9474-1A3956D46DE8}") = "SitecoreDialogs", "SitecoreDialogs", "{847676EF-5A0E-480A-9E78-FEA419F4616B}"
EndProject
Project("{FAE04EC0-301F-11D3-BF4B-00C04F79EFBC}") = "Foundation.SitecoreDialogs", "src\Foundation\SitecoreDialogs\code\Foundation.SitecoreDialogs.csproj", "{A83F31CE-9B55-4B70-85D6-CEBA61C55C86}"
EndProject
Project("{2150E333-8FDC-42A3-9474-1A3956D46DE8}") = "MarketingLists", "MarketingLists", "{02578491-B64F-46D0-923F-03BDE5FF78A4}"
EndProject
Project("{FAE04EC0-301F-11D3-BF4B-00C04F79EFBC}") = "Feature.MarketingLists", "src\Feature\MarketingLists\code\Feature.MarketingLists.csproj", "{CCADC6D8-EBA0-4D07-9161-626F44B23F4B}"
EndProject
Project("{2150E333-8FDC-42A3-9474-1A3956D46DE8}") = "1. Project", "1. Project", "{F382509D-4E33-4040-9D30-9C96AECDD1DB}"
EndProject
Project("{2150E333-8FDC-42A3-9474-1A3956D46DE8}") = "2. Feature", "2. Feature", "{9A739769-437C-412C-ACBE-4FD8CBB0BE3C}"
EndProject
Project("{2150E333-8FDC-42A3-9474-1A3956D46DE8}") = "3. Foundation", "3. Foundation", "{EB9C9790-17A1-400B-8CF3-7AEFA3E26C63}"
EndProject
Global
	GlobalSection(SolutionConfigurationPlatforms) = preSolution
		always|Any CPU = always|Any CPU
		always|x64 = always|x64
		ci|Any CPU = ci|Any CPU
		ci|x64 = ci|x64
		Debug|Any CPU = Debug|Any CPU
		Debug|x64 = Debug|x64
		Release|Any CPU = Release|Any CPU
		Release|x64 = Release|x64
	EndGlobalSection
	GlobalSection(ProjectConfigurationPlatforms) = postSolution
		{DBF5E150-A440-4D06-A0F8-A1231624F3BD}.always|Any CPU.ActiveCfg = always|Any CPU
		{DBF5E150-A440-4D06-A0F8-A1231624F3BD}.always|Any CPU.Build.0 = always|Any CPU
		{DBF5E150-A440-4D06-A0F8-A1231624F3BD}.always|x64.ActiveCfg = always|x64
		{DBF5E150-A440-4D06-A0F8-A1231624F3BD}.always|x64.Build.0 = always|x64
		{DBF5E150-A440-4D06-A0F8-A1231624F3BD}.ci|Any CPU.ActiveCfg = ci|Any CPU
		{DBF5E150-A440-4D06-A0F8-A1231624F3BD}.ci|Any CPU.Build.0 = ci|Any CPU
		{DBF5E150-A440-4D06-A0F8-A1231624F3BD}.ci|x64.ActiveCfg = ci|x64
		{DBF5E150-A440-4D06-A0F8-A1231624F3BD}.ci|x64.Build.0 = ci|x64
		{DBF5E150-A440-4D06-A0F8-A1231624F3BD}.Debug|Any CPU.ActiveCfg = Debug|Any CPU
		{DBF5E150-A440-4D06-A0F8-A1231624F3BD}.Debug|Any CPU.Build.0 = Debug|Any CPU
		{DBF5E150-A440-4D06-A0F8-A1231624F3BD}.Debug|x64.ActiveCfg = Debug|x64
		{DBF5E150-A440-4D06-A0F8-A1231624F3BD}.Debug|x64.Build.0 = Debug|x64
		{DBF5E150-A440-4D06-A0F8-A1231624F3BD}.Release|Any CPU.ActiveCfg = Release|Any CPU
		{DBF5E150-A440-4D06-A0F8-A1231624F3BD}.Release|Any CPU.Build.0 = Release|Any CPU
		{DBF5E150-A440-4D06-A0F8-A1231624F3BD}.Release|x64.ActiveCfg = Release|x64
		{DBF5E150-A440-4D06-A0F8-A1231624F3BD}.Release|x64.Build.0 = Release|x64
		{23988A95-41AF-45CC-89B7-96F2DE358E9F}.always|Any CPU.ActiveCfg = always|Any CPU
		{23988A95-41AF-45CC-89B7-96F2DE358E9F}.always|Any CPU.Build.0 = always|Any CPU
		{23988A95-41AF-45CC-89B7-96F2DE358E9F}.always|x64.ActiveCfg = always|x64
		{23988A95-41AF-45CC-89B7-96F2DE358E9F}.always|x64.Build.0 = always|x64
		{23988A95-41AF-45CC-89B7-96F2DE358E9F}.ci|Any CPU.ActiveCfg = ci|Any CPU
		{23988A95-41AF-45CC-89B7-96F2DE358E9F}.ci|Any CPU.Build.0 = ci|Any CPU
		{23988A95-41AF-45CC-89B7-96F2DE358E9F}.ci|x64.ActiveCfg = ci|x64
		{23988A95-41AF-45CC-89B7-96F2DE358E9F}.ci|x64.Build.0 = ci|x64
		{23988A95-41AF-45CC-89B7-96F2DE358E9F}.Debug|Any CPU.ActiveCfg = Debug|Any CPU
		{23988A95-41AF-45CC-89B7-96F2DE358E9F}.Debug|Any CPU.Build.0 = Debug|Any CPU
		{23988A95-41AF-45CC-89B7-96F2DE358E9F}.Debug|x64.ActiveCfg = Debug|x64
		{23988A95-41AF-45CC-89B7-96F2DE358E9F}.Debug|x64.Build.0 = Debug|x64
		{23988A95-41AF-45CC-89B7-96F2DE358E9F}.Release|Any CPU.ActiveCfg = Release|Any CPU
		{23988A95-41AF-45CC-89B7-96F2DE358E9F}.Release|Any CPU.Build.0 = Release|Any CPU
		{23988A95-41AF-45CC-89B7-96F2DE358E9F}.Release|x64.ActiveCfg = Release|x64
		{23988A95-41AF-45CC-89B7-96F2DE358E9F}.Release|x64.Build.0 = Release|x64
		{A83F31CE-9B55-4B70-85D6-CEBA61C55C86}.always|Any CPU.ActiveCfg = always|Any CPU
		{A83F31CE-9B55-4B70-85D6-CEBA61C55C86}.always|Any CPU.Build.0 = always|Any CPU
		{A83F31CE-9B55-4B70-85D6-CEBA61C55C86}.always|x64.ActiveCfg = always|x64
		{A83F31CE-9B55-4B70-85D6-CEBA61C55C86}.always|x64.Build.0 = always|x64
		{A83F31CE-9B55-4B70-85D6-CEBA61C55C86}.ci|Any CPU.ActiveCfg = ci|Any CPU
		{A83F31CE-9B55-4B70-85D6-CEBA61C55C86}.ci|Any CPU.Build.0 = ci|Any CPU
		{A83F31CE-9B55-4B70-85D6-CEBA61C55C86}.ci|x64.ActiveCfg = ci|x64
		{A83F31CE-9B55-4B70-85D6-CEBA61C55C86}.ci|x64.Build.0 = ci|x64
		{A83F31CE-9B55-4B70-85D6-CEBA61C55C86}.Debug|Any CPU.ActiveCfg = Debug|Any CPU
		{A83F31CE-9B55-4B70-85D6-CEBA61C55C86}.Debug|Any CPU.Build.0 = Debug|Any CPU
		{A83F31CE-9B55-4B70-85D6-CEBA61C55C86}.Debug|x64.ActiveCfg = Debug|x64
		{A83F31CE-9B55-4B70-85D6-CEBA61C55C86}.Debug|x64.Build.0 = Debug|x64
		{A83F31CE-9B55-4B70-85D6-CEBA61C55C86}.Release|Any CPU.ActiveCfg = Release|Any CPU
		{A83F31CE-9B55-4B70-85D6-CEBA61C55C86}.Release|Any CPU.Build.0 = Release|Any CPU
		{A83F31CE-9B55-4B70-85D6-CEBA61C55C86}.Release|x64.ActiveCfg = Release|x64
		{A83F31CE-9B55-4B70-85D6-CEBA61C55C86}.Release|x64.Build.0 = Release|x64
		{CCADC6D8-EBA0-4D07-9161-626F44B23F4B}.always|Any CPU.ActiveCfg = always|Any CPU
		{CCADC6D8-EBA0-4D07-9161-626F44B23F4B}.always|Any CPU.Build.0 = always|Any CPU
		{CCADC6D8-EBA0-4D07-9161-626F44B23F4B}.always|x64.ActiveCfg = always|x64
		{CCADC6D8-EBA0-4D07-9161-626F44B23F4B}.always|x64.Build.0 = always|x64
		{CCADC6D8-EBA0-4D07-9161-626F44B23F4B}.ci|Any CPU.ActiveCfg = ci|Any CPU
		{CCADC6D8-EBA0-4D07-9161-626F44B23F4B}.ci|Any CPU.Build.0 = ci|Any CPU
		{CCADC6D8-EBA0-4D07-9161-626F44B23F4B}.ci|x64.ActiveCfg = ci|x64
		{CCADC6D8-EBA0-4D07-9161-626F44B23F4B}.ci|x64.Build.0 = ci|x64
		{CCADC6D8-EBA0-4D07-9161-626F44B23F4B}.Debug|Any CPU.ActiveCfg = Debug|Any CPU
		{CCADC6D8-EBA0-4D07-9161-626F44B23F4B}.Debug|Any CPU.Build.0 = Debug|Any CPU
		{CCADC6D8-EBA0-4D07-9161-626F44B23F4B}.Debug|x64.ActiveCfg = Debug|x64
		{CCADC6D8-EBA0-4D07-9161-626F44B23F4B}.Debug|x64.Build.0 = Debug|x64
		{CCADC6D8-EBA0-4D07-9161-626F44B23F4B}.Release|Any CPU.ActiveCfg = Release|Any CPU
		{CCADC6D8-EBA0-4D07-9161-626F44B23F4B}.Release|Any CPU.Build.0 = Release|Any CPU
		{CCADC6D8-EBA0-4D07-9161-626F44B23F4B}.Release|x64.ActiveCfg = Release|x64
		{CCADC6D8-EBA0-4D07-9161-626F44B23F4B}.Release|x64.Build.0 = Release|x64
	EndGlobalSection
	GlobalSection(SolutionProperties) = preSolution
		HideSolutionNode = FALSE
	EndGlobalSection
	GlobalSection(NestedProjects) = preSolution
		{2A6488D0-9158-408C-AD16-5346EC6DC89C} = {EB9C9790-17A1-400B-8CF3-7AEFA3E26C63}
		{DBF5E150-A440-4D06-A0F8-A1231624F3BD} = {2A6488D0-9158-408C-AD16-5346EC6DC89C}
		{467D330B-FAD1-435D-931B-AC851880FBB2} = {9A739769-437C-412C-ACBE-4FD8CBB0BE3C}
		{23988A95-41AF-45CC-89B7-96F2DE358E9F} = {467D330B-FAD1-435D-931B-AC851880FBB2}
		{847676EF-5A0E-480A-9E78-FEA419F4616B} = {EB9C9790-17A1-400B-8CF3-7AEFA3E26C63}
		{A83F31CE-9B55-4B70-85D6-CEBA61C55C86} = {847676EF-5A0E-480A-9E78-FEA419F4616B}
		{02578491-B64F-46D0-923F-03BDE5FF78A4} = {9A739769-437C-412C-ACBE-4FD8CBB0BE3C}
		{CCADC6D8-EBA0-4D07-9161-626F44B23F4B} = {02578491-B64F-46D0-923F-03BDE5FF78A4}
	EndGlobalSection
EndGlobal
